
Microsoft Visual Studio Solution File, Format Version 12.00
# Visual Studio 14
VisualStudioVersion = 14.0.25420.1
MinimumVisualStudioVersion = 10.0.40219.1
Project("{F184B08F-C81C-45F6-A57F-5ABD9991F28F}") = "ViewDotDesktop", "ViewDotDesktop\ViewDotDesktop.vbproj", "{CBF595D5-4106-439D-A098-88E37BA731C8}"
	ProjectSection(ProjectDependencies) = postProject
		{446DDD07-C1ED-482F-AEB0-B0E69EEAB5EF} = {446DDD07-C1ED-482F-AEB0-B0E69EEAB5EF}
	EndProjectSection
EndProject
Project("{F184B08F-C81C-45F6-A57F-5ABD9991F28F}") = "libdotdesktop", "libdotdesktop\libdotdesktop.vbproj", "{446DDD07-C1ED-482F-AEB0-B0E69EEAB5EF}"
EndProject
Global
	GlobalSection(SolutionConfigurationPlatforms) = preSolution
		Debug|Any CPU = Debug|Any CPU
		Release|Any CPU = Release|Any CPU
	EndGlobalSection
	GlobalSection(ProjectConfigurationPlatforms) = postSolution
		{CBF595D5-4106-439D-A098-88E37BA731C8}.Debug|Any CPU.ActiveCfg = Debug|Any CPU
		{CBF595D5-4106-439D-A098-88E37BA731C8}.Debug|Any CPU.Build.0 = Debug|Any CPU
		{CBF595D5-4106-439D-A098-88E37BA731C8}.Release|Any CPU.ActiveCfg = Release|Any CPU
		{CBF595D5-4106-439D-A098-88E37BA731C8}.Release|Any CPU.Build.0 = Release|Any CPU
		{446DDD07-C1ED-482F-AEB0-B0E69EEAB5EF}.Debug|Any CPU.ActiveCfg = Debug|Any CPU
		{446DDD07-C1ED-482F-AEB0-B0E69EEAB5EF}.Debug|Any CPU.Build.0 = Debug|Any CPU
		{446DDD07-C1ED-482F-AEB0-B0E69EEAB5EF}.Release|Any CPU.ActiveCfg = Release|Any CPU
		{446DDD07-C1ED-482F-AEB0-B0E69EEAB5EF}.Release|Any CPU.Build.0 = Release|Any CPU
	EndGlobalSection
	GlobalSection(SolutionProperties) = preSolution
		HideSolutionNode = FALSE
	EndGlobalSection
EndGlobal
